
Microsoft Visual Studio Solution File, Format Version 12.00
# Visual Studio Version 16
VisualStudioVersion = 16.0.31729.503
MinimumVisualStudioVersion = 10.0.40219.1
Project("{00D1A9C2-B5F0-4AF3-8072-F6C62B433612}") = "AS_MI_Reporting", "AS_MI_Reporting\AS_MI_Reporting.sqlproj", "{AE23CEA2-70EA-40FB-9A01-1EB883F5D100}"
EndProject
Global
	GlobalSection(SolutionConfigurationPlatforms) = preSolution
		Debug|Any CPU = Debug|Any CPU
		Release|Any CPU = Release|Any CPU
	EndGlobalSection
	GlobalSection(ProjectConfigurationPlatforms) = postSolution
		{AE23CEA2-70EA-40FB-9A01-1EB883F5D100}.Debug|Any CPU.ActiveCfg = Debug|Any CPU
		{AE23CEA2-70EA-40FB-9A01-1EB883F5D100}.Debug|Any CPU.Build.0 = Debug|Any CPU
		{AE23CEA2-70EA-40FB-9A01-1EB883F5D100}.Debug|Any CPU.Deploy.0 = Debug|Any CPU
		{AE23CEA2-70EA-40FB-9A01-1EB883F5D100}.Release|Any CPU.ActiveCfg = Release|Any CPU
		{AE23CEA2-70EA-40FB-9A01-1EB883F5D100}.Release|Any CPU.Build.0 = Release|Any CPU
		{AE23CEA2-70EA-40FB-9A01-1EB883F5D100}.Release|Any CPU.Deploy.0 = Release|Any CPU
	EndGlobalSection
	GlobalSection(SolutionProperties) = preSolution
		HideSolutionNode = FALSE
	EndGlobalSection
	GlobalSection(ExtensibilityGlobals) = postSolution
		SolutionGuid = {B8F9418F-1697-447B-B0B7-5E297F7AAFF6}
	EndGlobalSection
EndGlobal
